PODS:
  - SwiftFormValidator (1.0.0)

DEPENDENCIES:
  - SwiftFormValidator (from `https://github.com/AndersonSKM/SwiftFormValidator`)

EXTERNAL SOURCES:
  SwiftFormValidator:
    :git: https://github.com/AndersonSKM/SwiftFormValidator

CHECKOUT OPTIONS:
  SwiftFormValidator:
    :commit: b6d786fe6bb8617bc4ee3355dd0ed55b0a2ddb08
    :git: https://github.com/AndersonSKM/SwiftFormValidator

SPEC CHECKSUMS:
  SwiftFormValidator: b68cec2639024b419c284cf2e4bc1a90ee01cd41

PODFILE CHECKSUM: 3acd1c8f9b9482162103b5b076aaffc662f4bae9

COCOAPODS: 1.2.0
