// !$*UTF8*$!
{
	archiveVersion = 1;
	classes = {
	};
	objectVersion = 46;
	objects = {

/* Begin PBXBuildFile section */
		5D4E5C371E881D120095346C /* AppDelegate.swift in Sources */ = {isa = PBXBuildFile; fileRef = 5D4E5C361E881D120095346C /* AppDelegate.swift */; };
		5D4E5C391E881D120095346C /* ViewController.swift in Sources */ = {isa = PBXBuildFile; fileRef = 5D4E5C381E881D120095346C /* ViewController.swift */; };
		5D4E5C3C1E881D120095346C /* Main.storyboard in Resources */ = {isa = PBXBuildFile; fileRef = 5D4E5C3A1E881D120095346C /* Main.storyboard */; };
		5D4E5C3E1E881D120095346C /* Assets.xcassets in Resources */ = {isa = PBXBuildFile; fileRef = 5D4E5C3D1E881D120095346C /* Assets.xcassets */; };
		5D4E5C411E881D120095346C /* LaunchScreen.storyboard in Resources */ = {isa = PBXBuildFile; fileRef = 5D4E5C3F1E881D120095346C /* LaunchScreen.storyboard */; };
		B3CA3995A1492AA84F0C46AF /* Pods_Example.framework in Frameworks */ = {isa = PBXBuildFile; fileRef = DB410E1CE3ADE93A24A5798A /* Pods_Example.framework */; };
/* End PBXBuildFile section */

/* Begin PBXFileReference section */
		5D4E5C331E881D120095346C /* Example.app */ = {isa = PBXFileReference; explicitFileType = wrapper.application; includeInIndex = 0; path = Example.app; sourceTree = BUILT_PRODUCTS_DIR; };
		5D4E5C361E881D120095346C /* AppDelegate.swift */ = {isa = PBXFileReference; lastKnownFileType = sourcecode.swift; path = AppDelegate.swift; sourceTree = "<group>"; };
		5D4E5C381E881D120095346C /* ViewController.swift */ = {isa = PBXFileReference; lastKnownFileType = sourcecode.swift; path = ViewController.swift; sourceTree = "<group>"; };
		5D4E5C3B1E881D120095346C /* Base */ = {isa = PBXFileReference; lastKnownFileType = file.storyboard; name = Base; path = Base.lproj/Main.storyboard; sourceTree = "<group>"; };
		5D4E5C3D1E881D120095346C /* Assets.xcassets */ = {isa = PBXFileReference; lastKnownFileType = folder.assetcatalog; path = Assets.xcassets; sourceTree = "<group>"; };
		5D4E5C401E881D120095346C /* Base */ = {isa = PBXFileReference; lastKnownFileType = file.storyboard; name = Base; path = Base.lproj/LaunchScreen.storyboard; sourceTree = "<group>"; };
		5D4E5C421E881D120095346C /* Info.plist */ = {isa = PBXFileReference; lastKnownFileType = text.plist.xml; path = Info.plist; sourceTree = "<group>"; };
		5D6452971E918B4C001D81B6 /* SwiftFormValidator.framework */ = {isa = PBXFileReference; lastKnownFileType = wrapper.framework; name = SwiftFormValidator.framework; path = "../../../Library/Developer/Xcode/DerivedData/Example-beqywvzfdpjdiddhahcabsquyejt/Build/Products/Debug-iphonesimulator/SwiftFormValidator/SwiftFormValidator.framework"; sourceTree = "<group>"; };
		B0A7F889ECCA9A9F67D78F94 /* Pods-Example.release.xcconfig */ = {isa = PBXFileReference; includeInIndex = 1; lastKnownFileType = text.xcconfig; name = "Pods-Example.release.xcconfig"; path = "Pods/Target Support Files/Pods-Example/Pods-Example.release.xcconfig"; sourceTree = "<group>"; };
		D20F8DB666236B3FF24CB04C /* Pods-Example.debug.xcconfig */ = {isa = PBXFileReference; includeInIndex = 1; lastKnownFileType = text.xcconfig; name = "Pods-Example.debug.xcconfig"; path = "Pods/Target Support Files/Pods-Example/Pods-Example.debug.xcconfig"; sourceTree = "<group>"; };
		DB410E1CE3ADE93A24A5798A /* Pods_Example.framework */ = {isa = PBXFileReference; explicitFileType = wrapper.framework; includeInIndex = 0; path = Pods_Example.framework; sourceTree = BUILT_PRODUCTS_DIR; };
/* End PBXFileReference section */

/* Begin PBXFrameworksBuildPhase section */
		5D4E5C301E881D120095346C /* Frameworks */ = {
			isa = PBXFrameworksBuildPhase;
			buildActionMask = 2147483647;
			files = (
				B3CA3995A1492AA84F0C46AF /* Pods_Example.framework in Frameworks */,
			);
			runOnlyForDeploymentPostprocessing = 0;
		};
/* End PBXFrameworksBuildPhase section */

/* Begin PBXGroup section */
		20E3B2BECB3FC481FC7755FF /* Frameworks */ = {
			isa = PBXGroup;
			children = (
				5D6452971E918B4C001D81B6 /* SwiftFormValidator.framework */,
				DB410E1CE3ADE93A24A5798A /* Pods_Example.framework */,
			);
			name = Frameworks;
			sourceTree = "<group>";
		};
		5D4E5C2A1E881D120095346C = {
			isa = PBXGroup;
			children = (
				5D4E5C351E881D120095346C /* Example */,
				5D4E5C341E881D120095346C /* Products */,
				7CAE3C50B7C8457A30588B82 /* Pods */,
				20E3B2BECB3FC481FC7755FF /* Frameworks */,
			);
			sourceTree = "<group>";
		};
		5D4E5C341E881D120095346C /* Products */ = {
			isa = PBXGroup;
			children = (
				5D4E5C331E881D120095346C /* Example.app */,
			);
			name = Products;
			sourceTree = "<group>";
		};
		5D4E5C351E881D120095346C /* Example */ = {
			isa = PBXGroup;
			children = (
				5D4E5C361E881D120095346C /* AppDelegate.swift */,
				5D4E5C381E881D120095346C /* ViewController.swift */,
				5D4E5C3A1E881D120095346C /* Main.storyboard */,
				5D4E5C3D1E881D120095346C /* Assets.xcassets */,
				5D4E5C3F1E881D120095346C /* LaunchScreen.storyboard */,
				5D4E5C421E881D120095346C /* Info.plist */,
			);
			path = Example;
			sourceTree = "<group>";
		};
		7CAE3C50B7C8457A30588B82 /* Pods */ = {
			isa = PBXGroup;
			children = (
				D20F8DB666236B3FF24CB04C /* Pods-Example.debug.xcconfig */,
				B0A7F889ECCA9A9F67D78F94 /* Pods-Example.release.xcconfig */,
			);
			name = Pods;
			sourceTree = "<group>";
		};
/* End PBXGroup section */

/* Begin PBXNativeTarget section */
		5D4E5C321E881D120095346C /* Example */ = {
			isa = PBXNativeTarget;
			buildConfigurationList = 5D4E5C451E881D120095346C /* Build configuration list for PBXNativeTarget "Example" */;
			buildPhases = (
				818D059A3E0C6DBFBCA7D17F /* [CP] Check Pods Manifest.lock */,
				5D4E5C2F1E881D120095346C /* Sources */,
				5D4E5C301E881D120095346C /* Frameworks */,
				5D4E5C311E881D120095346C /* Resources */,
				424128FE72B5425A63BE5EC4 /* [CP] Embed Pods Frameworks */,
				DC22BDBC6912A7ABCD0ED363 /* [CP] Copy Pods Resources */,
			);
			buildRules = (
			);
			dependencies = (
			);
			name = Example;
			productName = Example;
			productReference = 5D4E5C331E881D120095346C /* Example.app */;
			productType = "com.apple.product-type.application";
		};
/* End PBXNativeTarget section */

/* Begin PBXProject section */
		5D4E5C2B1E881D120095346C /* Project object */ = {
			isa = PBXProject;
			attributes = {
				LastSwiftUpdateCheck = 0820;
				LastUpgradeCheck = 0820;
				ORGANIZATIONNAME = AndersonSKM;
				TargetAttributes = {
					5D4E5C321E881D120095346C = {
						CreatedOnToolsVersion = 8.2.1;
						ProvisioningStyle = Automatic;
					};
				};
			};
			buildConfigurationList = 5D4E5C2E1E881D120095346C /* Build configuration list for PBXProject "Example" */;
			compatibilityVersion = "Xcode 3.2";
			developmentRegion = English;
			hasScannedForEncodings = 0;
			knownRegions = (
				en,
				Base,
			);
			mainGroup = 5D4E5C2A1E881D120095346C;
			productRefGroup = 5D4E5C341E881D120095346C /* Products */;
			projectDirPath = "";
			projectRoot = "";
			targets = (
				5D4E5C321E881D120095346C /* Example */,
			);
		};
/* End PBXProject section */

/* Begin PBXResourcesBuildPhase section */
		5D4E5C311E881D120095346C /* Resources */ = {
			isa = PBXResourcesBuildPhase;
			buildActionMask = 2147483647;
			files = (
				5D4E5C411E881D120095346C /* LaunchScreen.storyboard in Resources */,
				5D4E5C3E1E881D120095346C /* Assets.xcassets in Resources */,
				5D4E5C3C1E881D120095346C /* Main.storyboard in Resources */,
			);
			runOnlyForDeploymentPostprocessing = 0;
		};
/* End PBXResourcesBuildPhase section */

/* Begin PBXShellScriptBuildPhase section */
		424128FE72B5425A63BE5EC4 /* [CP] Embed Pods Frameworks */ = {
			isa = PBXShellScriptBuildPhase;
			buildActionMask = 2147483647;
			files = (
			);
			inputPaths = (
			);
			name = "[CP] Embed Pods Frameworks";
			outputPaths = (
			);
			runOnlyForDeploymentPostprocessing = 0;
			shellPath = /bin/sh;
			shellScript = "\"${SRCROOT}/Pods/Target Support Files/Pods-Example/Pods-Example-frameworks.sh\"\n";
			showEnvVarsInLog = 0;
		};
		818D059A3E0C6DBFBCA7D17F /* [CP] Check Pods Manifest.lock */ = {
			isa = PBXShellScriptBuildPhase;
			buildActionMask = 2147483647;
			files = (
			);
			inputPaths = (
			);
			name = "[CP] Check Pods Manifest.lock";
			outputPaths = (
			);
			runOnlyForDeploymentPostprocessing = 0;
			shellPath = /bin/sh;
			shellScript = "diff \"${PODS_ROOT}/../Podfile.lock\" \"${PODS_ROOT}/Manifest.lock\" > /dev/null\nif [ $? != 0 ] ; then\n    # print error to STDERR\n    echo \"error: The sandbox is not in sync with the Podfile.lock. Run 'pod install' or update your CocoaPods installation.\" >&2\n    exit 1\nfi\n";
			showEnvVarsInLog = 0;
		};
		DC22BDBC6912A7ABCD0ED363 /* [CP] Copy Pods Resources */ = {
			isa = PBXShellScriptBuildPhase;
			buildActionMask = 2147483647;
			files = (
			);
			inputPaths = (
			);
			name = "[CP] Copy Pods Resources";
			outputPaths = (
			);
			runOnlyForDeploymentPostprocessing = 0;
			shellPath = /bin/sh;
			shellScript = "\"${SRCROOT}/Pods/Target Support Files/Pods-Example/Pods-Example-resources.sh\"\n";
			showEnvVarsInLog = 0;
		};
/* End PBXShellScriptBuildPhase section */

/* Begin PBXSourcesBuildPhase section */
		5D4E5C2F1E881D120095346C /* Sources */ = {
			isa = PBXSourcesBuildPhase;
			buildActionMask = 2147483647;
			files = (
				5D4E5C391E881D120095346C /* ViewController.swift in Sources */,
				5D4E5C371E881D120095346C /* AppDelegate.swift in Sources */,
			);
			runOnlyForDeploymentPostprocessing = 0;
		};
/* End PBXSourcesBuildPhase section */

/* Begin PBXVariantGroup section */
		5D4E5C3A1E881D120095346C /* Main.storyboard */ = {
			isa = PBXVariantGroup;
			children = (
				5D4E5C3B1E881D120095346C /* Base */,
			);
			name = Main.storyboard;
			sourceTree = "<group>";
		};
		5D4E5C3F1E881D120095346C /* LaunchScreen.storyboard */ = {
			isa = PBXVariantGroup;
			children = (
				5D4E5C401E881D120095346C /* Base */,
			);
			name = LaunchScreen.storyboard;
			sourceTree = "<group>";
		};
/* End PBXVariantGroup section */

/* Begin XCBuildConfiguration section */
		5D4E5C431E881D120095346C /* Debug */ = {
			isa = XCBuildConfiguration;
			buildSettings = {
				ALWAYS_SEARCH_USER_PATHS = NO;
				CLANG_ANALYZER_NONNULL = YES;
				CLANG_CXX_LANGUAGE_STANDARD = "gnu++0x";
				CLANG_CXX_LIBRARY = "libc++";
				CLANG_ENABLE_MODULES = YES;
				CLANG_ENABLE_OBJC_ARC = YES;
				CLANG_WARN_BOOL_CONVERSION = YES;
				CLANG_WARN_CONSTANT_CONVERSION = YES;
				CLANG_WARN_DIRECT_OBJC_ISA_USAGE = YES_ERROR;
				CLANG_WARN_DOCUMENTATION_COMMENTS = YES;
				CLANG_WARN_EMPTY_BODY = YES;
				CLANG_WARN_ENUM_CONVERSION = YES;
				CLANG_WARN_INFINITE_RECURSION = YES;
				CLANG_WARN_INT_CONVERSION = YES;
				CLANG_WARN_OBJC_ROOT_CLASS = YES_ERROR;
				CLANG_WARN_SUSPICIOUS_MOVE = YES;
				CLANG_WARN_UNREACHABLE_CODE = YES;
				CLANG_WARN__DUPLICATE_METHOD_MATCH = YES;
				"CODE_SIGN_IDENTITY[sdk=iphoneos*]" = "iPhone Developer";
				COPY_PHASE_STRIP = NO;
				DEBUG_INFORMATION_FORMAT = dwarf;
				ENABLE_STRICT_OBJC_MSGSEND = YES;
				ENABLE_TESTABILITY = YES;
				GCC_C_LANGUAGE_STANDARD = gnu99;
				GCC_DYNAMIC_NO_PIC = NO;
				GCC_NO_COMMON_BLOCKS = YES;
				GCC_OPTIMIZATION_LEVEL = 0;
				GCC_PREPROCESSOR_DEFINITIONS = (
					"DEBUG=1",
					"$(inherited)",
				);
				GCC_WARN_64_TO_32_BIT_CONVERSION = YES;
				GCC_WARN_ABOUT_RETURN_TYPE = YES_ERROR;
				GCC_WARN_UNDECLARED_SELECTOR = YES;
				GCC_WARN_UNINITIALIZED_AUTOS = YES_AGGRESSIVE;
				GCC_WARN_UNUSED_FUNCTION = YES;
				GCC_WARN_UNUSED_VARIABLE = YES;
				IPHONEOS_DEPLOYMENT_TARGET = 10.2;
				MTL_ENABLE_DEBUG_INFO = YES;
				ONLY_ACTIVE_ARCH = YES;
				SDKROOT = iphoneos;
				SWIFT_ACTIVE_COMPILATION_CONDITIONS = DEBUG;
				SWIFT_OPTIMIZATION_LEVEL = "-Onone";
				TARGETED_DEVICE_FAMILY = "1,2";
			};
			name = Debug;
		};
		5D4E5C441E881D120095346C /* Release */ = {
			isa = XCBuildConfiguration;
			buildSettings = {
				ALWAYS_SEARCH_USER_PATHS = NO;
				CLANG_ANALYZER_NONNULL = YES;
				CLANG_CXX_LANGUAGE_STANDARD = "gnu++0x";
				CLANG_CXX_LIBRARY = "libc++";
				CLANG_ENABLE_MODULES = YES;
				CLANG_ENABLE_OBJC_ARC = YES;
				CLANG_WARN_BOOL_CONVERSION = YES;
				CLANG_WARN_CONSTANT_CONVERSION = YES;
				CLANG_WARN_DIRECT_OBJC_ISA_USAGE = YES_ERROR;
				CLANG_WARN_DOCUMENTATION_COMMENTS = YES;
				CLANG_WARN_EMPTY_BODY = YES;
				CLANG_WARN_ENUM_CONVERSION = YES;
				CLANG_WARN_INFINITE_RECURSION = YES;
				CLANG_WARN_INT_CONVERSION = YES;
				CLANG_WARN_OBJC_ROOT_CLASS = YES_ERROR;
				CLANG_WARN_SUSPICIOUS_MOVE = YES;
				CLANG_WARN_UNREACHABLE_CODE = YES;
				CLANG_WARN__DUPLICATE_METHOD_MATCH = YES;
				"CODE_SIGN_IDENTITY[sdk=iphoneos*]" = "iPhone Developer";
				COPY_PHASE_STRIP = NO;
				DEBUG_INFORMATION_FORMAT = "dwarf-with-dsym";
				ENABLE_NS_ASSERTIONS = NO;
				ENABLE_STRICT_OBJC_MSGSEND = YES;
				GCC_C_LANGUAGE_STANDARD = gnu99;
				GCC_NO_COMMON_BLOCKS = YES;
				GCC_WARN_64_TO_32_BIT_CONVERSION = YES;
				GCC_WARN_ABOUT_RETURN_TYPE = YES_ERROR;
				GCC_WARN_UNDECLARED_SELECTOR = YES;
				GCC_WARN_UNINITIALIZED_AUTOS = YES_AGGRESSIVE;
				GCC_WARN_UNUSED_FUNCTION = YES;
				GCC_WARN_UNUSED_VARIABLE = YES;
				IPHONEOS_DEPLOYMENT_TARGET = 10.2;
				MTL_ENABLE_DEBUG_INFO = NO;
				SDKROOT = iphoneos;
				SWIFT_OPTIMIZATION_LEVEL = "-Owholemodule";
				TARGETED_DEVICE_FAMILY = "1,2";
				VALIDATE_PRODUCT = YES;
			};
			name = Release;
		};
		5D4E5C461E881D120095346C /* Debug */ = {
			isa = XCBuildConfiguration;
			baseConfigurationReference = D20F8DB666236B3FF24CB04C /* Pods-Example.debug.xcconfig */;
			buildSettings = {
				ASSETCATALOG_COMPILER_APPICON_NAME = AppIcon;
				INFOPLIST_FILE = Example/Info.plist;
				LD_RUNPATH_SEARCH_PATHS = "$(inherited) @executable_path/Frameworks";
				PRODUCT_BUNDLE_IDENTIFIER = AndersonSKM.Example;
				PRODUCT_NAME = "$(TARGET_NAME)";
				SWIFT_VERSION = 3.0;
			};
			name = Debug;
		};
		5D4E5C471E881D120095346C /* Release */ = {
			isa = XCBuildConfiguration;
			baseConfigurationReference = B0A7F889ECCA9A9F67D78F94 /* Pods-Example.release.xcconfig */;
			buildSettings = {
				ASSETCATALOG_COMPILER_APPICON_NAME = AppIcon;
				INFOPLIST_FILE = Example/Info.plist;
				LD_RUNPATH_SEARCH_PATHS = "$(inherited) @executable_path/Frameworks";
				PRODUCT_BUNDLE_IDENTIFIER = AndersonSKM.Example;
				PRODUCT_NAME = "$(TARGET_NAME)";
				SWIFT_VERSION = 3.0;
			};
			name = Release;
		};
/* End XCBuildConfiguration section */

/* Begin XCConfigurationList section */
		5D4E5C2E1E881D120095346C /* Build configuration list for PBXProject "Example" */ = {
			isa = XCConfigurationList;
			buildConfigurations = (
				5D4E5C431E881D120095346C /* Debug */,
				5D4E5C441E881D120095346C /* Release */,
			);
			defaultConfigurationIsVisible = 0;
			defaultConfigurationName = Release;
		};
		5D4E5C451E881D120095346C /* Build configuration list for PBXNativeTarget "Example" */ = {
			isa = XCConfigurationList;
			buildConfigurations = (
				5D4E5C461E881D120095346C /* Debug */,
				5D4E5C471E881D120095346C /* Release */,
			);
			defaultConfigurationIsVisible = 0;
			defaultConfigurationName = Release;
		};
/* End XCConfigurationList section */
	};
	rootObject = 5D4E5C2B1E881D120095346C /* Project object */;
}
